// !$*UTF8*$!
{
	archiveVersion = 1;
	classes = {
	};
	objectVersion = 50;
	objects = {

/* Begin PBXBuildFile section */
		3FA90FC69661F4D66C8E08B2 /* Pods_DemandDriverAdmin.framework in Frameworks */ = {isa = PBXBuildFile; fileRef = 07905753FB67E62CDC3EF0E5 /* Pods_DemandDriverAdmin.framework */; };
		606A96792080797B00A3D68F /* DriverlistTVC.swift in Sources */ = {isa = PBXBuildFile; fileRef = 606A96782080797B00A3D68F /* DriverlistTVC.swift */; };
		606A967B20807AA400A3D68F /* DriverlistTableViewCell.swift in Sources */ = {isa = PBXBuildFile; fileRef = 606A967A20807AA400A3D68F /* DriverlistTableViewCell.swift */; };
		7F88FC4F4A0FDF1DCB04B943 /* Pods_DemandDriverAdminUITests.framework in Frameworks */ = {isa = PBXBuildFile; fileRef = A3B5AD36DAF36A9A7BC9504F /* Pods_DemandDriverAdminUITests.framework */; };
		ABC5A67FEDDBBF9372E0613C /* Pods_DemandDriverAdminTests.framework in Frameworks */ = {isa = PBXBuildFile; fileRef = B266F75BFFA19B180E3BD625 /* Pods_DemandDriverAdminTests.framework */; };
		AE3366B2207B6FB900B049ED /* AppDelegate.swift in Sources */ = {isa = PBXBuildFile; fileRef = AE3366B1207B6FB900B049ED /* AppDelegate.swift */; };
		AE3366B4207B6FB900B049ED /* ViewController.swift in Sources */ = {isa = PBXBuildFile; fileRef = AE3366B3207B6FB900B049ED /* ViewController.swift */; };
		AE3366B7207B6FB900B049ED /* Main.storyboard in Resources */ = {isa = PBXBuildFile; fileRef = AE3366B5207B6FB900B049ED /* Main.storyboard */; };
		AE3366B9207B6FC200B049ED /* Assets.xcassets in Resources */ = {isa = PBXBuildFile; fileRef = AE3366B8207B6FC200B049ED /* Assets.xcassets */; };
		AE3366BC207B6FC200B049ED /* LaunchScreen.storyboard in Resources */ = {isa = PBXBuildFile; fileRef = AE3366BA207B6FC200B049ED /* LaunchScreen.storyboard */; };
		AE3366C7207B6FC200B049ED /* DemandDriverAdminTests.swift in Sources */ = {isa = PBXBuildFile; fileRef = AE3366C6207B6FC200B049ED /* DemandDriverAdminTests.swift */; };
		AE3366D2207B6FC200B049ED /* DemandDriverAdminUITests.swift in Sources */ = {isa = PBXBuildFile; fileRef = AE3366D1207B6FC200B049ED /* DemandDriverAdminUITests.swift */; };
		AE3366E2207B7E4700B049ED /* requestTableViewCell.swift in Sources */ = {isa = PBXBuildFile; fileRef = AE3366E1207B7E4700B049ED /* requestTableViewCell.swift */; };
		AE3366EA207B80AC00B049ED /* GoogleService-Info.plist in Resources */ = {isa = PBXBuildFile; fileRef = AE3366E9207B80AC00B049ED /* GoogleService-Info.plist */; };
		AE3366EC207B874C00B049ED /* requestModel.swift in Sources */ = {isa = PBXBuildFile; fileRef = AE3366EB207B874C00B049ED /* requestModel.swift */; };
		AE7E6B7D207CBE9B00A3D874 /* ExpandableHeaderView.swift in Sources */ = {isa = PBXBuildFile; fileRef = AE7E6B7C207CBE9B00A3D874 /* ExpandableHeaderView.swift */; };
		AE7E6B7F207CBEFE00A3D874 /* Section.swift in Sources */ = {isa = PBXBuildFile; fileRef = AE7E6B7E207CBEFE00A3D874 /* Section.swift */; };
/* End PBXBuildFile section */

/* Begin PBXContainerItemProxy section */
		AE3366C3207B6FC200B049ED /* PBXContainerItemProxy */ = {
			isa = PBXContainerItemProxy;
			containerPortal = AE3366A6207B6FB800B049ED /* Project object */;
			proxyType = 1;
			remoteGlobalIDString = AE3366AD207B6FB900B049ED;
			remoteInfo = DemandDriverAdmin;
		};
		AE3366CE207B6FC200B049ED /* PBXContainerItemProxy */ = {
			isa = PBXContainerItemProxy;
			containerPortal = AE3366A6207B6FB800B049ED /* Project object */;
			proxyType = 1;
			remoteGlobalIDString = AE3366AD207B6FB900B049ED;
			remoteInfo = DemandDriverAdmin;
		};
/* End PBXContainerItemProxy section */

/* Begin PBXFileReference section */
		07905753FB67E62CDC3EF0E5 /* Pods_DemandDriverAdmin.framework */ = {isa = PBXFileReference; explicitFileType = wrapper.framework; includeInIndex = 0; path = Pods_DemandDriverAdmin.framework; sourceTree = BUILT_PRODUCTS_DIR; };
		0B05A9338483A33C5ED1DA17 /* Pods-DemandDriverAdminTests.release.xcconfig */ = {isa = PBXFileReference; includeInIndex = 1; lastKnownFileType = text.xcconfig; name = "Pods-DemandDriverAdminTests.release.xcconfig"; path = "Pods/Target Support Files/Pods-DemandDriverAdminTests/Pods-DemandDriverAdminTests.release.xcconfig"; sourceTree = "<group>"; };
		2350FF56B3323F8073A5C5D4 /* Pods-DemandDriverAdminUITests.debug.xcconfig */ = {isa = PBXFileReference; includeInIndex = 1; lastKnownFileType = text.xcconfig; name = "Pods-DemandDriverAdminUITests.debug.xcconfig"; path = "Pods/Target Support Files/Pods-DemandDriverAdminUITests/Pods-DemandDriverAdminUITests.debug.xcconfig"; sourceTree = "<group>"; };
		56C5F3FF11535CCD5155F392 /* Pods-DemandDriverAdminUITests.release.xcconfig */ = {isa = PBXFileReference; includeInIndex = 1; lastKnownFileType = text.xcconfig; name = "Pods-DemandDriverAdminUITests.release.xcconfig"; path = "Pods/Target Support Files/Pods-DemandDriverAdminUITests/Pods-DemandDriverAdminUITests.release.xcconfig"; sourceTree = "<group>"; };
		606A96782080797B00A3D68F /* DriverlistTVC.swift */ = {isa = PBXFileReference; lastKnownFileType = sourcecode.swift; path = DriverlistTVC.swift; sourceTree = "<group>"; };
		606A967A20807AA400A3D68F /* DriverlistTableViewCell.swift */ = {isa = PBXFileReference; lastKnownFileType = sourcecode.swift; path = DriverlistTableViewCell.swift; sourceTree = "<group>"; };
		61DFCB1FA9417070379B0D20 /* Pods-DemandDriverAdmin.release.xcconfig */ = {isa = PBXFileReference; includeInIndex = 1; lastKnownFileType = text.xcconfig; name = "Pods-DemandDriverAdmin.release.xcconfig"; path = "Pods/Target Support Files/Pods-DemandDriverAdmin/Pods-DemandDriverAdmin.release.xcconfig"; sourceTree = "<group>"; };
		A3B5AD36DAF36A9A7BC9504F /* Pods_DemandDriverAdminUITests.framework */ = {isa = PBXFileReference; explicitFileType = wrapper.framework; includeInIndex = 0; path = Pods_DemandDriverAdminUITests.framework; sourceTree = BUILT_PRODUCTS_DIR; };
		AD5DCF61229114AE7E86F132 /* Pods-DemandDriverAdminTests.debug.xcconfig */ = {isa = PBXFileReference; includeInIndex = 1; lastKnownFileType = text.xcconfig; name = "Pods-DemandDriverAdminTests.debug.xcconfig"; path = "Pods/Target Support Files/Pods-DemandDriverAdminTests/Pods-DemandDriverAdminTests.debug.xcconfig"; sourceTree = "<group>"; };
		AE3366AE207B6FB900B049ED /* DemandDriverAdmin.app */ = {isa = PBXFileReference; explicitFileType = wrapper.application; includeInIndex = 0; path = DemandDriverAdmin.app; sourceTree = BUILT_PRODUCTS_DIR; };
		AE3366B1207B6FB900B049ED /* AppDelegate.swift */ = {isa = PBXFileReference; lastKnownFileType = sourcecode.swift; path = AppDelegate.swift; sourceTree = "<group>"; };
		AE3366B3207B6FB900B049ED /* ViewController.swift */ = {isa = PBXFileReference; lastKnownFileType = sourcecode.swift; path = ViewController.swift; sourceTree = "<group>"; };
		AE3366B6207B6FB900B049ED /* Base */ = {isa = PBXFileReference; lastKnownFileType = file.storyboard; name = Base; path = Base.lproj/Main.storyboard; sourceTree = "<group>"; };
		AE3366B8207B6FC200B049ED /* Assets.xcassets */ = {isa = PBXFileReference; lastKnownFileType = folder.assetcatalog; path = Assets.xcassets; sourceTree = "<group>"; };
		AE3366BB207B6FC200B049ED /* Base */ = {isa = PBXFileReference; lastKnownFileType = file.storyboard; name = Base; path = Base.lproj/LaunchScreen.storyboard; sourceTree = "<group>"; };
		AE3366BD207B6FC200B049ED /* Info.plist */ = {isa = PBXFileReference; lastKnownFileType = text.plist.xml; path = Info.plist; sourceTree = "<group>"; };
		AE3366C2207B6FC200B049ED /* DemandDriverAdminTests.xctest */ = {isa = PBXFileReference; explicitFileType = wrapper.cfbundle; includeInIndex = 0; path = DemandDriverAdminTests.xctest; sourceTree = BUILT_PRODUCTS_DIR; };
		AE3366C6207B6FC200B049ED /* DemandDriverAdminTests.swift */ = {isa = PBXFileReference; lastKnownFileType = sourcecode.swift; path = DemandDriverAdminTests.swift; sourceTree = "<group>"; };
		AE3366C8207B6FC200B049ED /* Info.plist */ = {isa = PBXFileReference; lastKnownFileType = text.plist.xml; path = Info.plist; sourceTree = "<group>"; };
		AE3366CD207B6FC200B049ED /* DemandDriverAdminUITests.xctest */ = {isa = PBXFileReference; explicitFileType = wrapper.cfbundle; includeInIndex = 0; path = DemandDriverAdminUITests.xctest; sourceTree = BUILT_PRODUCTS_DIR; };
		AE3366D1207B6FC200B049ED /* DemandDriverAdminUITests.swift */ = {isa = PBXFileReference; lastKnownFileType = sourcecode.swift; path = DemandDriverAdminUITests.swift; sourceTree = "<group>"; };
		AE3366D3207B6FC200B049ED /* Info.plist */ = {isa = PBXFileReference; lastKnownFileType = text.plist.xml; path = Info.plist; sourceTree = "<group>"; };
		AE3366E1207B7E4700B049ED /* requestTableViewCell.swift */ = {isa = PBXFileReference; lastKnownFileType = sourcecode.swift; path = requestTableViewCell.swift; sourceTree = "<group>"; };
		AE3366E9207B80AC00B049ED /* GoogleService-Info.plist */ = {isa = PBXFileReference; fileEncoding = 4; lastKnownFileType = text.plist.xml; path = "GoogleService-Info.plist"; sourceTree = "<group>"; };
		AE3366EB207B874C00B049ED /* requestModel.swift */ = {isa = PBXFileReference; lastKnownFileType = sourcecode.swift; path = requestModel.swift; sourceTree = "<group>"; };
		AE7E6B7C207CBE9B00A3D874 /* ExpandableHeaderView.swift */ = {isa = PBXFileReference; lastKnownFileType = sourcecode.swift; path = ExpandableHeaderView.swift; sourceTree = "<group>"; };
		AE7E6B7E207CBEFE00A3D874 /* Section.swift */ = {isa = PBXFileReference; lastKnownFileType = sourcecode.swift; path = Section.swift; sourceTree = "<group>"; };
		B266F75BFFA19B180E3BD625 /* Pods_DemandDriverAdminTests.framework */ = {isa = PBXFileReference; explicitFileType = wrapper.framework; includeInIndex = 0; path = Pods_DemandDriverAdminTests.framework; sourceTree = BUILT_PRODUCTS_DIR; };
		E8B48029E5240260C3A970FC /* Pods-DemandDriverAdmin.debug.xcconfig */ = {isa = PBXFileReference; includeInIndex = 1; lastKnownFileType = text.xcconfig; name = "Pods-DemandDriverAdmin.debug.xcconfig"; path = "Pods/Target Support Files/Pods-DemandDriverAdmin/Pods-DemandDriverAdmin.debug.xcconfig"; sourceTree = "<group>"; };
/* End PBXFileReference section */

/* Begin PBXFrameworksBuildPhase section */
		AE3366AB207B6FB900B049ED /* Frameworks */ = {
			isa = PBXFrameworksBuildPhase;
			buildActionMask = 2147483647;
			files = (
				3FA90FC69661F4D66C8E08B2 /* Pods_DemandDriverAdmin.framework in Frameworks */,
			);
			runOnlyForDeploymentPostprocessing = 0;
		};
		AE3366BF207B6FC200B049ED /* Frameworks */ = {
			isa = PBXFrameworksBuildPhase;
			buildActionMask = 2147483647;
			files = (
				ABC5A67FEDDBBF9372E0613C /* Pods_DemandDriverAdminTests.framework in Frameworks */,
			);
			runOnlyForDeploymentPostprocessing = 0;
		};
		AE3366CA207B6FC200B049ED /* Frameworks */ = {
			isa = PBXFrameworksBuildPhase;
			buildActionMask = 2147483647;
			files = (
				7F88FC4F4A0FDF1DCB04B943 /* Pods_DemandDriverAdminUITests.framework in Frameworks */,
			);
			runOnlyForDeploymentPostprocessing = 0;
		};
/* End PBXFrameworksBuildPhase section */

/* Begin PBXGroup section */
		AE3366A5207B6FB800B049ED = {
			isa = PBXGroup;
			children = (
				AE3366B0207B6FB900B049ED /* DemandDriverAdmin */,
				AE3366B8207B6FC200B049ED /* Assets.xcassets */,
				AE3366C5207B6FC200B049ED /* DemandDriverAdminTests */,
				AE3366D0207B6FC200B049ED /* DemandDriverAdminUITests */,
				AE3366AF207B6FB900B049ED /* Products */,
				C421DA62B963F31868172046 /* Pods */,
				E4456C0784D5FACAA0F3ECBD /* Frameworks */,
			);
			sourceTree = "<group>";
		};
		AE3366AF207B6FB900B049ED /* Products */ = {
			isa = PBXGroup;
			children = (
				AE3366AE207B6FB900B049ED /* DemandDriverAdmin.app */,
				AE3366C2207B6FC200B049ED /* DemandDriverAdminTests.xctest */,
				AE3366CD207B6FC200B049ED /* DemandDriverAdminUITests.xctest */,
			);
			name = Products;
			sourceTree = "<group>";
		};
		AE3366B0207B6FB900B049ED /* DemandDriverAdmin */ = {
			isa = PBXGroup;
			children = (
				AE3366E6207B7E6400B049ED /* Others */,
				AE3366E3207B7E4A00B049ED /* Model */,
				AE3366E8207B7E9900B049ED /* Views */,
				AE3366E4207B7E4F00B049ED /* Controllers */,
				AE3366E5207B7E5A00B049ED /* Layouts */,
				AE3366E7207B7E6B00B049ED /* Supporting Files */,
			);
			path = DemandDriverAdmin;
			sourceTree = "<group>";
		};
		AE3366C5207B6FC200B049ED /* DemandDriverAdminTests */ = {
			isa = PBXGroup;
			children = (
				AE3366C6207B6FC200B049ED /* DemandDriverAdminTests.swift */,
				AE3366C8207B6FC200B049ED /* Info.plist */,
			);
			path = DemandDriverAdminTests;
			sourceTree = "<group>";
		};
		AE3366D0207B6FC200B049ED /* DemandDriverAdminUITests */ = {
			isa = PBXGroup;
			children = (
				AE3366D1207B6FC200B049ED /* DemandDriverAdminUITests.swift */,
				AE3366D3207B6FC200B049ED /* Info.plist */,
			);
			path = DemandDriverAdminUITests;
			sourceTree = "<group>";
		};
		AE3366E3207B7E4A00B049ED /* Model */ = {
			isa = PBXGroup;
			children = (
				AE3366EB207B874C00B049ED /* requestModel.swift */,
				AE7E6B7E207CBEFE00A3D874 /* Section.swift */,
			);
			path = Model;
			sourceTree = "<group>";
		};
		AE3366E4207B7E4F00B049ED /* Controllers */ = {
			isa = PBXGroup;
			children = (
				AE3366B3207B6FB900B049ED /* ViewController.swift */,
				606A96782080797B00A3D68F /* DriverlistTVC.swift */,
			);
			path = Controllers;
			sourceTree = "<group>";
		};
		AE3366E5207B7E5A00B049ED /* Layouts */ = {
			isa = PBXGroup;
			children = (
				AE3366B5207B6FB900B049ED /* Main.storyboard */,
				AE3366BA207B6FC200B049ED /* LaunchScreen.storyboard */,
			);
			path = Layouts;
			sourceTree = "<group>";
		};
		AE3366E6207B7E6400B049ED /* Others */ = {
			isa = PBXGroup;
			children = (
				AE3366B1207B6FB900B049ED /* AppDelegate.swift */,
				AE7E6B7C207CBE9B00A3D874 /* ExpandableHeaderView.swift */,
			);
			path = Others;
			sourceTree = "<group>";
		};
		AE3366E7207B7E6B00B049ED /* Supporting Files */ = {
			isa = PBXGroup;
			children = (
				AE3366E9207B80AC00B049ED /* GoogleService-Info.plist */,
				AE3366BD207B6FC200B049ED /* Info.plist */,
			);
			path = "Supporting Files";
			sourceTree = "<group>";
		};
		AE3366E8207B7E9900B049ED /* Views */ = {
			isa = PBXGroup;
			children = (
				AE3366E1207B7E4700B049ED /* requestTableViewCell.swift */,
				606A967A20807AA400A3D68F /* DriverlistTableViewCell.swift */,
			);
			path = Views;
			sourceTree = "<group>";
		};
		C421DA62B963F31868172046 /* Pods */ = {
			isa = PBXGroup;
			children = (
				E8B48029E5240260C3A970FC /* Pods-DemandDriverAdmin.debug.xcconfig */,
				61DFCB1FA9417070379B0D20 /* Pods-DemandDriverAdmin.release.xcconfig */,
				AD5DCF61229114AE7E86F132 /* Pods-DemandDriverAdminTests.debug.xcconfig */,
				0B05A9338483A33C5ED1DA17 /* Pods-DemandDriverAdminTests.release.xcconfig */,
				2350FF56B3323F8073A5C5D4 /* Pods-DemandDriverAdminUITests.debug.xcconfig */,
				56C5F3FF11535CCD5155F392 /* Pods-DemandDriverAdminUITests.release.xcconfig */,
			);
			name = Pods;
			sourceTree = "<group>";
		};
		E4456C0784D5FACAA0F3ECBD /* Frameworks */ = {
			isa = PBXGroup;
			children = (
				07905753FB67E62CDC3EF0E5 /* Pods_DemandDriverAdmin.framework */,
				B266F75BFFA19B180E3BD625 /* Pods_DemandDriverAdminTests.framework */,
				A3B5AD36DAF36A9A7BC9504F /* Pods_DemandDriverAdminUITests.framework */,
			);
			name = Frameworks;
			sourceTree = "<group>";
		};
/* End PBXGroup section */

/* Begin PBXNativeTarget section */
		AE3366AD207B6FB900B049ED /* DemandDriverAdmin */ = {
			isa = PBXNativeTarget;
			buildConfigurationList = AE3366D6207B6FC200B049ED /* Build configuration list for PBXNativeTarget "DemandDriverAdmin" */;
			buildPhases = (
				CD6070055BD9B60DFE44AD72 /* [CP] Check Pods Manifest.lock */,
				AE3366AA207B6FB900B049ED /* Sources */,
				AE3366AB207B6FB900B049ED /* Frameworks */,
				AE3366AC207B6FB900B049ED /* Resources */,
				AAE145D77694401EDCCDD5F3 /* [CP] Embed Pods Frameworks */,
			);
			buildRules = (
			);
			dependencies = (
			);
			name = DemandDriverAdmin;
			productName = DemandDriverAdmin;
			productReference = AE3366AE207B6FB900B049ED /* DemandDriverAdmin.app */;
			productType = "com.apple.product-type.application";
		};
		AE3366C1207B6FC200B049ED /* DemandDriverAdminTests */ = {
			isa = PBXNativeTarget;
			buildConfigurationList = AE3366D9207B6FC200B049ED /* Build configuration list for PBXNativeTarget "DemandDriverAdminTests" */;
			buildPhases = (
				5C5EAF4490C63D6A279C6E9C /* [CP] Check Pods Manifest.lock */,
				AE3366BE207B6FC200B049ED /* Sources */,
				AE3366BF207B6FC200B049ED /* Frameworks */,
				AE3366C0207B6FC200B049ED /* Resources */,
			);
			buildRules = (
			);
			dependencies = (
				AE3366C4207B6FC200B049ED /* PBXTargetDependency */,
			);
			name = DemandDriverAdminTests;
			productName = DemandDriverAdminTests;
			productReference = AE3366C2207B6FC200B049ED /* DemandDriverAdminTests.xctest */;
			productType = "com.apple.product-type.bundle.unit-test";
		};
		AE3366CC207B6FC200B049ED /* DemandDriverAdminUITests */ = {
			isa = PBXNativeTarget;
			buildConfigurationList = AE3366DC207B6FC200B049ED /* Build configuration list for PBXNativeTarget "DemandDriverAdminUITests" */;
			buildPhases = (
				4EA77053E18BFBF20DC4C320 /* [CP] Check Pods Manifest.lock */,
				AE3366C9207B6FC200B049ED /* Sources */,
				AE3366CA207B6FC200B049ED /* Frameworks */,
				AE3366CB207B6FC200B049ED /* Resources */,
			);
			buildRules = (
			);
			dependencies = (
				AE3366CF207B6FC200B049ED /* PBXTargetDependency */,
			);
			name = DemandDriverAdminUITests;
			productName = DemandDriverAdminUITests;
			productReference = AE3366CD207B6FC200B049ED /* DemandDriverAdminUITests.xctest */;
			productType = "com.apple.product-type.bundle.ui-testing";
		};
/* End PBXNativeTarget section */

/* Begin PBXProject section */
		AE3366A6207B6FB800B049ED /* Project object */ = {
			isa = PBXProject;
			attributes = {
				LastSwiftUpdateCheck = 0930;
				LastUpgradeCheck = 0930;
				ORGANIZATIONNAME = CZSM2;
				TargetAttributes = {
					AE3366AD207B6FB900B049ED = {
						CreatedOnToolsVersion = 9.3;
					};
					AE3366C1207B6FC200B049ED = {
						CreatedOnToolsVersion = 9.3;
						TestTargetID = AE3366AD207B6FB900B049ED;
					};
					AE3366CC207B6FC200B049ED = {
						CreatedOnToolsVersion = 9.3;
						TestTargetID = AE3366AD207B6FB900B049ED;
					};
				};
			};
			buildConfigurationList = AE3366A9207B6FB800B049ED /* Build configuration list for PBXProject "DemandDriverAdmin" */;
			compatibilityVersion = "Xcode 9.3";
			developmentRegion = en;
			hasScannedForEncodings = 0;
			knownRegions = (
				en,
				Base,
			);
			mainGroup = AE3366A5207B6FB800B049ED;
			productRefGroup = AE3366AF207B6FB900B049ED /* Products */;
			projectDirPath = "";
			projectRoot = "";
			targets = (
				AE3366AD207B6FB900B049ED /* DemandDriverAdmin */,
				AE3366C1207B6FC200B049ED /* DemandDriverAdminTests */,
				AE3366CC207B6FC200B049ED /* DemandDriverAdminUITests */,
			);
		};
/* End PBXProject section */

/* Begin PBXResourcesBuildPhase section */
		AE3366AC207B6FB900B049ED /* Resources */ = {
			isa = PBXResourcesBuildPhase;
			buildActionMask = 2147483647;
			files = (
				AE3366BC207B6FC200B049ED /* LaunchScreen.storyboard in Resources */,
				AE3366EA207B80AC00B049ED /* GoogleService-Info.plist in Resources */,
				AE3366B9207B6FC200B049ED /* Assets.xcassets in Resources */,
				AE3366B7207B6FB900B049ED /* Main.storyboard in Resources */,
			);
			runOnlyForDeploymentPostprocessing = 0;
		};
		AE3366C0207B6FC200B049ED /* Resources */ = {
			isa = PBXResourcesBuildPhase;
			buildActionMask = 2147483647;
			files = (
			);
			runOnlyForDeploymentPostprocessing = 0;
		};
		AE3366CB207B6FC200B049ED /* Resources */ = {
			isa = PBXResourcesBuildPhase;
			buildActionMask = 2147483647;
			files = (
			);
			runOnlyForDeploymentPostprocessing = 0;
		};
/* End PBXResourcesBuildPhase section */

/* Begin PBXShellScriptBuildPhase section */
		4EA77053E18BFBF20DC4C320 /* [CP] Check Pods Manifest.lock */ = {
			isa = PBXShellScriptBuildPhase;
			buildActionMask = 2147483647;
			files = (
			);
			inputPaths = (
				"${PODS_PODFILE_DIR_PATH}/Podfile.lock",
				"${PODS_ROOT}/Manifest.lock",
			);
			name = "[CP] Check Pods Manifest.lock";
			outputPaths = (
				"$(DERIVED_FILE_DIR)/Pods-DemandDriverAdminUITests-checkManifestLockResult.txt",
			);
			runOnlyForDeploymentPostprocessing = 0;
			shellPath = /bin/sh;
			shellScript = "diff \"${PODS_PODFILE_DIR_PATH}/Podfile.lock\" \"${PODS_ROOT}/Manifest.lock\" > /dev/null\nif [ $? != 0 ] ; then\n    # print error to STDERR\n    echo \"error: The sandbox is not in sync with the Podfile.lock. Run 'pod install' or update your CocoaPods installation.\" >&2\n    exit 1\nfi\n# This output is used by Xcode 'outputs' to avoid re-running this script phase.\necho \"SUCCESS\" > \"${SCRIPT_OUTPUT_FILE_0}\"\n";
			showEnvVarsInLog = 0;
		};
		5C5EAF4490C63D6A279C6E9C /* [CP] Check Pods Manifest.lock */ = {
			isa = PBXShellScriptBuildPhase;
			buildActionMask = 2147483647;
			files = (
			);
			inputPaths = (
				"${PODS_PODFILE_DIR_PATH}/Podfile.lock",
				"${PODS_ROOT}/Manifest.lock",
			);
			name = "[CP] Check Pods Manifest.lock";
			outputPaths = (
				"$(DERIVED_FILE_DIR)/Pods-DemandDriverAdminTests-checkManifestLockResult.txt",
			);
			runOnlyForDeploymentPostprocessing = 0;
			shellPath = /bin/sh;
			shellScript = "diff \"${PODS_PODFILE_DIR_PATH}/Podfile.lock\" \"${PODS_ROOT}/Manifest.lock\" > /dev/null\nif [ $? != 0 ] ; then\n    # print error to STDERR\n    echo \"error: The sandbox is not in sync with the Podfile.lock. Run 'pod install' or update your CocoaPods installation.\" >&2\n    exit 1\nfi\n# This output is used by Xcode 'outputs' to avoid re-running this script phase.\necho \"SUCCESS\" > \"${SCRIPT_OUTPUT_FILE_0}\"\n";
			showEnvVarsInLog = 0;
		};
		AAE145D77694401EDCCDD5F3 /* [CP] Embed Pods Frameworks */ = {
			isa = PBXShellScriptBuildPhase;
			buildActionMask = 2147483647;
			files = (
			);
			inputPaths = (
				"${SRCROOT}/Pods/Target Support Files/Pods-DemandDriverAdmin/Pods-DemandDriverAdmin-frameworks.sh",
				"${BUILT_PRODUCTS_DIR}/BoringSSL/openssl.framework",
				"${BUILT_PRODUCTS_DIR}/GTMSessionFetcher/GTMSessionFetcher.framework",
				"${BUILT_PRODUCTS_DIR}/GoogleToolboxForMac/GoogleToolboxForMac.framework",
				"${BUILT_PRODUCTS_DIR}/Protobuf/Protobuf.framework",
				"${BUILT_PRODUCTS_DIR}/gRPC/GRPCClient.framework",
				"${BUILT_PRODUCTS_DIR}/gRPC-Core/grpc.framework",
				"${BUILT_PRODUCTS_DIR}/gRPC-ProtoRPC/ProtoRPC.framework",
				"${BUILT_PRODUCTS_DIR}/gRPC-RxLibrary/RxLibrary.framework",
				"${BUILT_PRODUCTS_DIR}/leveldb-library/leveldb.framework",
				"${BUILT_PRODUCTS_DIR}/nanopb/nanopb.framework",
			);
			name = "[CP] Embed Pods Frameworks";
			outputPaths = (
				"${TARGET_BUILD_DIR}/${FRAMEWORKS_FOLDER_PATH}/openssl.framework",
				"${TARGET_BUILD_DIR}/${FRAMEWORKS_FOLDER_PATH}/GTMSessionFetcher.framework",
				"${TARGET_BUILD_DIR}/${FRAMEWORKS_FOLDER_PATH}/GoogleToolboxForMac.framework",
				"${TARGET_BUILD_DIR}/${FRAMEWORKS_FOLDER_PATH}/Protobuf.framework",
				"${TARGET_BUILD_DIR}/${FRAMEWORKS_FOLDER_PATH}/GRPCClient.framework",
				"${TARGET_BUILD_DIR}/${FRAMEWORKS_FOLDER_PATH}/grpc.framework",
				"${TARGET_BUILD_DIR}/${FRAMEWORKS_FOLDER_PATH}/ProtoRPC.framework",
				"${TARGET_BUILD_DIR}/${FRAMEWORKS_FOLDER_PATH}/RxLibrary.framework",
				"${TARGET_BUILD_DIR}/${FRAMEWORKS_FOLDER_PATH}/leveldb.framework",
				"${TARGET_BUILD_DIR}/${FRAMEWORKS_FOLDER_PATH}/nanopb.framework",
			);
			runOnlyForDeploymentPostprocessing = 0;
			shellPath = /bin/sh;
			shellScript = "\"${SRCROOT}/Pods/Target Support Files/Pods-DemandDriverAdmin/Pods-DemandDriverAdmin-frameworks.sh\"\n";
			showEnvVarsInLog = 0;
		};
		CD6070055BD9B60DFE44AD72 /* [CP] Check Pods Manifest.lock */ = {
			isa = PBXShellScriptBuildPhase;
			buildActionMask = 2147483647;
			files = (
			);
			inputPaths = (
				"${PODS_PODFILE_DIR_PATH}/Podfile.lock",
				"${PODS_ROOT}/Manifest.lock",
			);
			name = "[CP] Check Pods Manifest.lock";
			outputPaths = (
				"$(DERIVED_FILE_DIR)/Pods-DemandDriverAdmin-checkManifestLockResult.txt",
			);
			runOnlyForDeploymentPostprocessing = 0;
			shellPath = /bin/sh;
			shellScript = "diff \"${PODS_PODFILE_DIR_PATH}/Podfile.lock\" \"${PODS_ROOT}/Manifest.lock\" > /dev/null\nif [ $? != 0 ] ; then\n    # print error to STDERR\n    echo \"error: The sandbox is not in sync with the Podfile.lock. Run 'pod install' or update your CocoaPods installation.\" >&2\n    exit 1\nfi\n# This output is used by Xcode 'outputs' to avoid re-running this script phase.\necho \"SUCCESS\" > \"${SCRIPT_OUTPUT_FILE_0}\"\n";
			showEnvVarsInLog = 0;
		};
/* End PBXShellScriptBuildPhase section */

/* Begin PBXSourcesBuildPhase section */
		AE3366AA207B6FB900B049ED /* Sources */ = {
			isa = PBXSourcesBuildPhase;
			buildActionMask = 2147483647;
			files = (
				AE3366B4207B6FB900B049ED /* ViewController.swift in Sources */,
				AE3366E2207B7E4700B049ED /* requestTableViewCell.swift in Sources */,
				AE7E6B7D207CBE9B00A3D874 /* ExpandableHeaderView.swift in Sources */,
				606A96792080797B00A3D68F /* DriverlistTVC.swift in Sources */,
				AE7E6B7F207CBEFE00A3D874 /* Section.swift in Sources */,
				606A967B20807AA400A3D68F /* DriverlistTableViewCell.swift in Sources */,
				AE3366B2207B6FB900B049ED /* AppDelegate.swift in Sources */,
				AE3366EC207B874C00B049ED /* requestModel.swift in Sources */,
			);
			runOnlyForDeploymentPostprocessing = 0;
		};
		AE3366BE207B6FC200B049ED /* Sources */ = {
			isa = PBXSourcesBuildPhase;
			buildActionMask = 2147483647;
			files = (
				AE3366C7207B6FC200B049ED /* DemandDriverAdminTests.swift in Sources */,
			);
			runOnlyForDeploymentPostprocessing = 0;
		};
		AE3366C9207B6FC200B049ED /* Sources */ = {
			isa = PBXSourcesBuildPhase;
			buildActionMask = 2147483647;
			files = (
				AE3366D2207B6FC200B049ED /* DemandDriverAdminUITests.swift in Sources */,
			);
			runOnlyForDeploymentPostprocessing = 0;
		};
/* End PBXSourcesBuildPhase section */

/* Begin PBXTargetDependency section */
		AE3366C4207B6FC200B049ED /* PBXTargetDependency */ = {
			isa = PBXTargetDependency;
			target = AE3366AD207B6FB900B049ED /* DemandDriverAdmin */;
			targetProxy = AE3366C3207B6FC200B049ED /* PBXContainerItemProxy */;
		};
		AE3366CF207B6FC200B049ED /* PBXTargetDependency */ = {
			isa = PBXTargetDependency;
			target = AE3366AD207B6FB900B049ED /* DemandDriverAdmin */;
			targetProxy = AE3366CE207B6FC200B049ED /* PBXContainerItemProxy */;
		};
/* End PBXTargetDependency section */

/* Begin PBXVariantGroup section */
		AE3366B5207B6FB900B049ED /* Main.storyboard */ = {
			isa = PBXVariantGroup;
			children = (
				AE3366B6207B6FB900B049ED /* Base */,
			);
			name = Main.storyboard;
			sourceTree = "<group>";
		};
		AE3366BA207B6FC200B049ED /* LaunchScreen.storyboard */ = {
			isa = PBXVariantGroup;
			children = (
				AE3366BB207B6FC200B049ED /* Base */,
			);
			name = LaunchScreen.storyboard;
			sourceTree = "<group>";
		};
/* End PBXVariantGroup section */

/* Begin XCBuildConfiguration section */
		AE3366D4207B6FC200B049ED /* Debug */ = {
			isa = XCBuildConfiguration;
			buildSettings = {
				ALWAYS_SEARCH_USER_PATHS = NO;
				CLANG_ANALYZER_NONNULL = YES;
				CLANG_ANALYZER_NUMBER_OBJECT_CONVERSION = YES_AGGRESSIVE;
				CLANG_CXX_LANGUAGE_STANDARD = "gnu++14";
				CLANG_CXX_LIBRARY = "libc++";
				CLANG_ENABLE_MODULES = YES;
				CLANG_ENABLE_OBJC_ARC = YES;
				CLANG_ENABLE_OBJC_WEAK = YES;
				CLANG_WARN_BLOCK_CAPTURE_AUTORELEASING = YES;
				CLANG_WARN_BOOL_CONVERSION = YES;
				CLANG_WARN_COMMA = YES;
				CLANG_WARN_CONSTANT_CONVERSION = YES;
				CLANG_WARN_DEPRECATED_OBJC_IMPLEMENTATIONS = YES;
				CLANG_WARN_DIRECT_OBJC_ISA_USAGE = YES_ERROR;
				CLANG_WARN_DOCUMENTATION_COMMENTS = YES;
				CLANG_WARN_EMPTY_BODY = YES;
				CLANG_WARN_ENUM_CONVERSION = YES;
				CLANG_WARN_INFINITE_RECURSION = YES;
				CLANG_WARN_INT_CONVERSION = YES;
				CLANG_WARN_NON_LITERAL_NULL_CONVERSION = YES;
				CLANG_WARN_OBJC_IMPLICIT_RETAIN_SELF = YES;
				CLANG_WARN_OBJC_LITERAL_CONVERSION = YES;
				CLANG_WARN_OBJC_ROOT_CLASS = YES_ERROR;
				CLANG_WARN_RANGE_LOOP_ANALYSIS = YES;
				CLANG_WARN_STRICT_PROTOTYPES = YES;
				CLANG_WARN_SUSPICIOUS_MOVE = YES;
				CLANG_WARN_UNGUARDED_AVAILABILITY = YES_AGGRESSIVE;
				CLANG_WARN_UNREACHABLE_CODE = YES;
				CLANG_WARN__DUPLICATE_METHOD_MATCH = YES;
				CODE_SIGN_IDENTITY = "iPhone Developer";
				COPY_PHASE_STRIP = NO;
				DEBUG_INFORMATION_FORMAT = dwarf;
				ENABLE_STRICT_OBJC_MSGSEND = YES;
				ENABLE_TESTABILITY = YES;
				GCC_C_LANGUAGE_STANDARD = gnu11;
				GCC_DYNAMIC_NO_PIC = NO;
				GCC_NO_COMMON_BLOCKS = YES;
				GCC_OPTIMIZATION_LEVEL = 0;
				GCC_PREPROCESSOR_DEFINITIONS = (
					"DEBUG=1",
					"$(inherited)",
				);
				GCC_WARN_64_TO_32_BIT_CONVERSION = YES;
				GCC_WARN_ABOUT_RETURN_TYPE = YES_ERROR;
				GCC_WARN_UNDECLARED_SELECTOR = YES;
				GCC_WARN_UNINITIALIZED_AUTOS = YES_AGGRESSIVE;
				GCC_WARN_UNUSED_FUNCTION = YES;
				GCC_WARN_UNUSED_VARIABLE = YES;
				IPHONEOS_DEPLOYMENT_TARGET = 11.3;
				MTL_ENABLE_DEBUG_INFO = YES;
				ONLY_ACTIVE_ARCH = YES;
				SDKROOT = iphoneos;
				SWIFT_ACTIVE_COMPILATION_CONDITIONS = DEBUG;
				SWIFT_OPTIMIZATION_LEVEL = "-Onone";
			};
			name = Debug;
		};
		AE3366D5207B6FC200B049ED /* Release */ = {
			isa = XCBuildConfiguration;
			buildSettings = {
				ALWAYS_SEARCH_USER_PATHS = NO;
				CLANG_ANALYZER_NONNULL = YES;
				CLANG_ANALYZER_NUMBER_OBJECT_CONVERSION = YES_AGGRESSIVE;
				CLANG_CXX_LANGUAGE_STANDARD = "gnu++14";
				CLANG_CXX_LIBRARY = "libc++";
				CLANG_ENABLE_MODULES = YES;
				CLANG_ENABLE_OBJC_ARC = YES;
				CLANG_ENABLE_OBJC_WEAK = YES;
				CLANG_WARN_BLOCK_CAPTURE_AUTORELEASING = YES;
				CLANG_WARN_BOOL_CONVERSION = YES;
				CLANG_WARN_COMMA = YES;
				CLANG_WARN_CONSTANT_CONVERSION = YES;
				CLANG_WARN_DEPRECATED_OBJC_IMPLEMENTATIONS = YES;
				CLANG_WARN_DIRECT_OBJC_ISA_USAGE = YES_ERROR;
				CLANG_WARN_DOCUMENTATION_COMMENTS = YES;
				CLANG_WARN_EMPTY_BODY = YES;
				CLANG_WARN_ENUM_CONVERSION = YES;
				CLANG_WARN_INFINITE_RECURSION = YES;
				CLANG_WARN_INT_CONVERSION = YES;
				CLANG_WARN_NON_LITERAL_NULL_CONVERSION = YES;
				CLANG_WARN_OBJC_IMPLICIT_RETAIN_SELF = YES;
				CLANG_WARN_OBJC_LITERAL_CONVERSION = YES;
				CLANG_WARN_OBJC_ROOT_CLASS = YES_ERROR;
				CLANG_WARN_RANGE_LOOP_ANALYSIS = YES;
				CLANG_WARN_STRICT_PROTOTYPES = YES;
				CLANG_WARN_SUSPICIOUS_MOVE = YES;
				CLANG_WARN_UNGUARDED_AVAILABILITY = YES_AGGRESSIVE;
				CLANG_WARN_UNREACHABLE_CODE = YES;
				CLANG_WARN__DUPLICATE_METHOD_MATCH = YES;
				CODE_SIGN_IDENTITY = "iPhone Developer";
				COPY_PHASE_STRIP = NO;
				DEBUG_INFORMATION_FORMAT = "dwarf-with-dsym";
				ENABLE_NS_ASSERTIONS = NO;
				ENABLE_STRICT_OBJC_MSGSEND = YES;
				GCC_C_LANGUAGE_STANDARD = gnu11;
				GCC_NO_COMMON_BLOCKS = YES;
				GCC_WARN_64_TO_32_BIT_CONVERSION = YES;
				GCC_WARN_ABOUT_RETURN_TYPE = YES_ERROR;
				GCC_WARN_UNDECLARED_SELECTOR = YES;
				GCC_WARN_UNINITIALIZED_AUTOS = YES_AGGRESSIVE;
				GCC_WARN_UNUSED_FUNCTION = YES;
				GCC_WARN_UNUSED_VARIABLE = YES;
				IPHONEOS_DEPLOYMENT_TARGET = 11.3;
				MTL_ENABLE_DEBUG_INFO = NO;
				SDKROOT = iphoneos;
				SWIFT_COMPILATION_MODE = wholemodule;
				SWIFT_OPTIMIZATION_LEVEL = "-O";
				VALIDATE_PRODUCT = YES;
			};
			name = Release;
		};
		AE3366D7207B6FC200B049ED /* Debug */ = {
			isa = XCBuildConfiguration;
			baseConfigurationReference = E8B48029E5240260C3A970FC /* Pods-DemandDriverAdmin.debug.xcconfig */;
			buildSettings = {
				ASSETCATALOG_COMPILER_APPICON_NAME = AppIcon;
				CODE_SIGN_STYLE = Automatic;
				DEVELOPMENT_TEAM = XSJRRDKMW9;
				INFOPLIST_FILE = "$(SRCROOT)/DemandDriverAdmin/Supporting Files/Info.plist";
				IPHONEOS_DEPLOYMENT_TARGET = 11.0;
				LD_RUNPATH_SEARCH_PATHS = (
					"$(inherited)",
					"@executable_path/Frameworks",
				);
				PRODUCT_BUNDLE_IDENTIFIER = com.czsm.DemandDriverAdmin;
				PRODUCT_NAME = "$(TARGET_NAME)";
				SWIFT_VERSION = 4.0;
				TARGETED_DEVICE_FAMILY = "1,2";
			};
			name = Debug;
		};
		AE3366D8207B6FC200B049ED /* Release */ = {
			isa = XCBuildConfiguration;
			baseConfigurationReference = 61DFCB1FA9417070379B0D20 /* Pods-DemandDriverAdmin.release.xcconfig */;
			buildSettings = {
				ASSETCATALOG_COMPILER_APPICON_NAME = AppIcon;
				CODE_SIGN_STYLE = Automatic;
				DEVELOPMENT_TEAM = XSJRRDKMW9;
				INFOPLIST_FILE = "$(SRCROOT)/DemandDriverAdmin/Supporting Files/Info.plist";
				IPHONEOS_DEPLOYMENT_TARGET = 11.0;
				LD_RUNPATH_SEARCH_PATHS = (
					"$(inherited)",
					"@executable_path/Frameworks",
				);
				PRODUCT_BUNDLE_IDENTIFIER = com.czsm.DemandDriverAdmin;
				PRODUCT_NAME = "$(TARGET_NAME)";
				SWIFT_VERSION = 4.0;
				TARGETED_DEVICE_FAMILY = "1,2";
			};
			name = Release;
		};
		AE3366DA207B6FC200B049ED /* Debug */ = {
			isa = XCBuildConfiguration;
			baseConfigurationReference = AD5DCF61229114AE7E86F132 /* Pods-DemandDriverAdminTests.debug.xcconfig */;
			buildSettings = {
				ALWAYS_EMBED_SWIFT_STANDARD_LIBRARIES = YES;
				BUNDLE_LOADER = "$(TEST_HOST)";
				CODE_SIGN_STYLE = Automatic;
				DEVELOPMENT_TEAM = XSJRRDKMW9;
				INFOPLIST_FILE = DemandDriverAdminTests/Info.plist;
				LD_RUNPATH_SEARCH_PATHS = (
					"$(inherited)",
					"@executable_path/Frameworks",
					"@loader_path/Frameworks",
				);
				PRODUCT_BUNDLE_IDENTIFIER = com.czsm.DemandDriverAdminTests;
				PRODUCT_NAME = "$(TARGET_NAME)";
				SWIFT_VERSION = 4.0;
				TARGETED_DEVICE_FAMILY = "1,2";
				TEST_HOST = "$(BUILT_PRODUCTS_DIR)/DemandDriverAdmin.app/DemandDriverAdmin";
			};
			name = Debug;
		};
		AE3366DB207B6FC200B049ED /* Release */ = {
			isa = XCBuildConfiguration;
			baseConfigurationReference = 0B05A9338483A33C5ED1DA17 /* Pods-DemandDriverAdminTests.release.xcconfig */;
			buildSettings = {
				ALWAYS_EMBED_SWIFT_STANDARD_LIBRARIES = YES;
				BUNDLE_LOADER = "$(TEST_HOST)";
				CODE_SIGN_STYLE = Automatic;
				DEVELOPMENT_TEAM = XSJRRDKMW9;
				INFOPLIST_FILE = DemandDriverAdminTests/Info.plist;
				LD_RUNPATH_SEARCH_PATHS = (
					"$(inherited)",
					"@executable_path/Frameworks",
					"@loader_path/Frameworks",
				);
				PRODUCT_BUNDLE_IDENTIFIER = com.czsm.DemandDriverAdminTests;
				PRODUCT_NAME = "$(TARGET_NAME)";
				SWIFT_VERSION = 4.0;
				TARGETED_DEVICE_FAMILY = "1,2";
				TEST_HOST = "$(BUILT_PRODUCTS_DIR)/DemandDriverAdmin.app/DemandDriverAdmin";
			};
			name = Release;
		};
		AE3366DD207B6FC200B049ED /* Debug */ = {
			isa = XCBuildConfiguration;
			baseConfigurationReference = 2350FF56B3323F8073A5C5D4 /* Pods-DemandDriverAdminUITests.debug.xcconfig */;
			buildSettings = {
				ALWAYS_EMBED_SWIFT_STANDARD_LIBRARIES = YES;
				CODE_SIGN_STYLE = Automatic;
				DEVELOPMENT_TEAM = XSJRRDKMW9;
				INFOPLIST_FILE = DemandDriverAdminUITests/Info.plist;
				LD_RUNPATH_SEARCH_PATHS = (
					"$(inherited)",
					"@executable_path/Frameworks",
					"@loader_path/Frameworks",
				);
				PRODUCT_BUNDLE_IDENTIFIER = com.czsm.DemandDriverAdminUITests;
				PRODUCT_NAME = "$(TARGET_NAME)";
				SWIFT_VERSION = 4.0;
				TARGETED_DEVICE_FAMILY = "1,2";
				TEST_TARGET_NAME = DemandDriverAdmin;
			};
			name = Debug;
		};
		AE3366DE207B6FC200B049ED /* Release */ = {
			isa = XCBuildConfiguration;
			baseConfigurationReference = 56C5F3FF11535CCD5155F392 /* Pods-DemandDriverAdminUITests.release.xcconfig */;
			buildSettings = {
				ALWAYS_EMBED_SWIFT_STANDARD_LIBRARIES = YES;
				CODE_SIGN_STYLE = Automatic;
				DEVELOPMENT_TEAM = XSJRRDKMW9;
				INFOPLIST_FILE = DemandDriverAdminUITests/Info.plist;
				LD_RUNPATH_SEARCH_PATHS = (
					"$(inherited)",
					"@executable_path/Frameworks",
					"@loader_path/Frameworks",
				);
				PRODUCT_BUNDLE_IDENTIFIER = com.czsm.DemandDriverAdminUITests;
				PRODUCT_NAME = "$(TARGET_NAME)";
				SWIFT_VERSION = 4.0;
				TARGETED_DEVICE_FAMILY = "1,2";
				TEST_TARGET_NAME = DemandDriverAdmin;
			};
			name = Release;
		};
/* End XCBuildConfiguration section */

/* Begin XCConfigurationList section */
		AE3366A9207B6FB800B049ED /* Build configuration list for PBXProject "DemandDriverAdmin" */ = {
			isa = XCConfigurationList;
			buildConfigurations = (
				AE3366D4207B6FC200B049ED /* Debug */,
				AE3366D5207B6FC200B049ED /* Release */,
			);
			defaultConfigurationIsVisible = 0;
			defaultConfigurationName = Release;
		};
		AE3366D6207B6FC200B049ED /* Build configuration list for PBXNativeTarget "DemandDriverAdmin" */ = {
			isa = XCConfigurationList;
			buildConfigurations = (
				AE3366D7207B6FC200B049ED /* Debug */,
				AE3366D8207B6FC200B049ED /* Release */,
			);
			defaultConfigurationIsVisible = 0;
			defaultConfigurationName = Release;
		};
		AE3366D9207B6FC200B049ED /* Build configuration list for PBXNativeTarget "DemandDriverAdminTests" */ = {
			isa = XCConfigurationList;
			buildConfigurations = (
				AE3366DA207B6FC200B049ED /* Debug */,
				AE3366DB207B6FC200B049ED /* Release */,
			);
			defaultConfigurationIsVisible = 0;
			defaultConfigurationName = Release;
		};
		AE3366DC207B6FC200B049ED /* Build configuration list for PBXNativeTarget "DemandDriverAdminUITests" */ = {
			isa = XCConfigurationList;
			buildConfigurations = (
				AE3366DD207B6FC200B049ED /* Debug */,
				AE3366DE207B6FC200B049ED /* Release */,
			);
			defaultConfigurationIsVisible = 0;
			defaultConfigurationName = Release;
		};
/* End XCConfigurationList section */
	};
	rootObject = AE3366A6207B6FB800B049ED /* Project object */;
}
